{
  "name": "footballapp",
  "version": "1.0.0",
  "lockfileVersion": 1,
  "requires": true,
  "dependencies": {
    "workbox-sw": {
      "version": "5.1.4",
      "resolved": "https://registry.npmjs.org/workbox-sw/-/workbox-sw-5.1.4.tgz",
      "integrity": "sha512-9xKnKw95aXwSNc8kk8gki4HU0g0W6KXu+xks7wFuC7h0sembFnTrKtckqZxbSod41TDaGh+gWUA5IRXrL0ECRA==",
      "dev": true
    }
  }
}
